
Microsoft Visual Studio Solution File, Format Version 12.00
# Visual Studio Version 16
VisualStudioVersion = 16.0.29230.61
MinimumVisualStudioVersion = 10.0.40219.1
Project("{FAE04EC0-301F-11D3-BF4B-00C04F79EFBC}") = "WPFExample", "WPFExample\WPFExample.csproj", "{3938088B-A9F3-45C0-9315-1497CF265AEC}"
EndProject
Global
	GlobalSection(SolutionConfigurationPlatforms) = preSolution
		Debug|Any CPU = Debug|Any CPU
		Debug|x64 = Debug|x64
		Release|Any CPU = Release|Any CPU
		Release|x64 = Release|x64
	EndGlobalSection
	GlobalSection(ProjectConfigurationPlatforms) = postSolution
		{3938088B-A9F3-45C0-9315-1497CF265AEC}.Debug|Any CPU.ActiveCfg = Debug|Any CPU
		{3938088B-A9F3-45C0-9315-1497CF265AEC}.Debug|Any CPU.Build.0 = Debug|Any CPU
		{3938088B-A9F3-45C0-9315-1497CF265AEC}.Debug|x64.ActiveCfg = Debug|x64
		{3938088B-A9F3-45C0-9315-1497CF265AEC}.Debug|x64.Build.0 = Debug|x64
		{3938088B-A9F3-45C0-9315-1497CF265AEC}.Release|Any CPU.ActiveCfg = Release|Any CPU
		{3938088B-A9F3-45C0-9315-1497CF265AEC}.Release|Any CPU.Build.0 = Release|Any CPU
		{3938088B-A9F3-45C0-9315-1497CF265AEC}.Release|x64.ActiveCfg = Release|x64
		{3938088B-A9F3-45C0-9315-1497CF265AEC}.Release|x64.Build.0 = Release|x64
	EndGlobalSection
	GlobalSection(SolutionProperties) = preSolution
		HideSolutionNode = FALSE
	EndGlobalSection
	GlobalSection(ExtensibilityGlobals) = postSolution
		SolutionGuid = {FB48786A-6FD6-4E12-8303-9F6D710A5DB6}
	EndGlobalSection
EndGlobal
